
Microsoft Visual Studio Solution File, Format Version 12.00
# Visual Studio Version 16
VisualStudioVersion = 16.0.29509.3
MinimumVisualStudioVersion = 10.0.40219.1
Project("{FAE04EC0-301F-11D3-BF4B-00C04F79EFBC}") = "NeuroLIM APITesing", "NeuroLIM APITesing.csproj", "{90AAD95C-27A3-4B2F-84D8-6BC07544B27D}"
EndProject
Global
	GlobalSection(SolutionConfigurationPlatforms) = preSolution
		Debug|Any CPU = Debug|Any CPU
		Release|Any CPU = Release|Any CPU
	EndGlobalSection
	GlobalSection(ProjectConfigurationPlatforms) = postSolution
		{90AAD95C-27A3-4B2F-84D8-6BC07544B27D}.Debug|Any CPU.ActiveCfg = Debug|Any CPU
		{90AAD95C-27A3-4B2F-84D8-6BC07544B27D}.Debug|Any CPU.Build.0 = Debug|Any CPU
		{90AAD95C-27A3-4B2F-84D8-6BC07544B27D}.Release|Any CPU.ActiveCfg = Release|Any CPU
		{90AAD95C-27A3-4B2F-84D8-6BC07544B27D}.Release|Any CPU.Build.0 = Release|Any CPU
	EndGlobalSection
	GlobalSection(SolutionProperties) = preSolution
		HideSolutionNode = FALSE
	EndGlobalSection
	GlobalSection(ExtensibilityGlobals) = postSolution
		SolutionGuid = {34B236D8-957B-4A86-85C0-2C402B909639}
	EndGlobalSection
EndGlobal
